{
  "name": "langflow-deploy",
  "lockfileVersion": 3,
  "requires": true,
  "packages": {
    "": {
      "devDependencies": {
        "@tsconfig/docusaurus": "^2.0.3"
      }
    },
    "node_modules/@tsconfig/docusaurus": {
      "version": "2.0.3",
      "resolved": "https://registry.npmjs.org/@tsconfig/docusaurus/-/docusaurus-2.0.3.tgz",
      "integrity": "sha512-3l1L5PzWVa7l0691TjnsZ0yOIEwG9DziSqu5IPZPlI5Dowi7z42cEym8Y35GHbgHvPcBfNxfrbxm7Cncn4nByQ==",
      "dev": true,
      "license": "MIT"
    }
  }
}
